
Microsoft Visual Studio Solution File, Format Version 12.00
# Visual Studio Version 17
VisualStudioVersion = 17.10.35122.118
MinimumVisualStudioVersion = 10.0.40219.1
Project("{9A19103F-16F7-4668-BE54-9A1E7A4F7556}") = "BudgetPad", "BudgetPad.csproj", "{5A699536-2DE4-49D8-976E-2C3E1E8C6BC5}"
EndProject
Project("{FAE04EC0-301F-11D3-BF4B-00C04F79EFBC}") = "BudgetPad.Tests", "BudgetPad.Tests\BudgetPad.Tests.csproj", "{ECF18D2D-C41C-4CBE-A160-29B2F67ECE88}"
EndProject
Global
	GlobalSection(SolutionConfigurationPlatforms) = preSolution
		Debug|Any CPU = Debug|Any CPU
		Release|Any CPU = Release|Any CPU
	EndGlobalSection
	GlobalSection(ProjectConfigurationPlatforms) = postSolution
		{5A699536-2DE4-49D8-976E-2C3E1E8C6BC5}.Debug|Any CPU.ActiveCfg = Debug|Any CPU
		{5A699536-2DE4-49D8-976E-2C3E1E8C6BC5}.Debug|Any CPU.Build.0 = Debug|Any CPU
		{5A699536-2DE4-49D8-976E-2C3E1E8C6BC5}.Release|Any CPU.ActiveCfg = Release|Any CPU
		{5A699536-2DE4-49D8-976E-2C3E1E8C6BC5}.Release|Any CPU.Build.0 = Release|Any CPU
		{ECF18D2D-C41C-4CBE-A160-29B2F67ECE88}.Debug|Any CPU.ActiveCfg = Debug|Any CPU
		{ECF18D2D-C41C-4CBE-A160-29B2F67ECE88}.Debug|Any CPU.Build.0 = Debug|Any CPU
		{ECF18D2D-C41C-4CBE-A160-29B2F67ECE88}.Release|Any CPU.ActiveCfg = Release|Any CPU
		{ECF18D2D-C41C-4CBE-A160-29B2F67ECE88}.Release|Any CPU.Build.0 = Release|Any CPU
	EndGlobalSection
	GlobalSection(SolutionProperties) = preSolution
		HideSolutionNode = FALSE
	EndGlobalSection
	GlobalSection(ExtensibilityGlobals) = postSolution
		SolutionGuid = {453FABB8-4035-474E-A28B-985A4AD8B481}
	EndGlobalSection
EndGlobal
